Microsoft Visual Studio Solution File, Format Version 11.00
# Visual Studio 2008

Project("{8F300D2F-040E-93FD-F744-2795BF971B5E}") = "KinectPose", "Assembly-CSharp-firstpass-vs.csproj", "{D8E997E1-16E9-98F4-3863-0A6624872796}"
EndProject
Project("{8F300D2F-040E-93FD-F744-2795BF971B5E}") = "KinectPose", "Assembly-CSharp-vs.csproj", "{0903E40F-E6FA-4E66-71F0-9C6E250B106A}"
EndProject
Global
	GlobalSection(SolutionConfigurationPlatforms) = preSolution
		Debug|Any CPU = Debug|Any CPU
		Release|Any CPU = Release|Any CPU
	EndGlobalSection
	GlobalSection(ProjectConfigurationPlatforms) = postSolution
		{D8E997E1-16E9-98F4-3863-0A6624872796}.Debug|Any CPU.ActiveCfg = Debug|Any CPU
		{D8E997E1-16E9-98F4-3863-0A6624872796}.Debug|Any CPU.Build.0 = Debug|Any CPU
		{D8E997E1-16E9-98F4-3863-0A6624872796}.Release|Any CPU.ActiveCfg = Release|Any CPU
		{D8E997E1-16E9-98F4-3863-0A6624872796}.Release|Any CPU.Build.0 = Release|Any CPU
		{0903E40F-E6FA-4E66-71F0-9C6E250B106A}.Debug|Any CPU.ActiveCfg = Debug|Any CPU
		{0903E40F-E6FA-4E66-71F0-9C6E250B106A}.Debug|Any CPU.Build.0 = Debug|Any CPU
		{0903E40F-E6FA-4E66-71F0-9C6E250B106A}.Release|Any CPU.ActiveCfg = Release|Any CPU
		{0903E40F-E6FA-4E66-71F0-9C6E250B106A}.Release|Any CPU.Build.0 = Release|Any CPU
	EndGlobalSection
	GlobalSection(SolutionProperties) = preSolution
		HideSolutionNode = FALSE
	EndGlobalSection
												GlobalSection(MonoDevelopProperties) = preSolution
		StartupItem = Assembly-CSharp.csproj
		Policies = $0
		$0.TextStylePolicy = $1
		$1.inheritsSet = null
		$1.scope = text/x-csharp
		$0.CSharpFormattingPolicy = $2
		$2.inheritsSet = Mono
		$2.inheritsScope = text/x-csharp
		$2.scope = text/x-csharp
		$0.TextStylePolicy = $3
		$3.FileWidth = 120
		$3.TabWidth = 4
		$3.IndentWidth = 4
		$3.EolMarker = Unix
		$3.inheritsSet = Mono
		$3.inheritsScope = text/plain
		$3.scope = text/plain
	EndGlobalSection

EndGlobal
